dependencies:
- name: fluent-bit
  repository: https://kubernetes-charts.storage.googleapis.com/
  version: 2.7.3
- name: apm-server
  repository: https://kubernetes-charts.storage.googleapis.com/
  version: 2.1.4
- name: kibana
  repository: https://helm.elastic.co
  version: 7.4.0
- name: elasticsearch
  repository: https://helm.elastic.co
  version: 7.4.0
- name: metricbeat
  repository: https://helm.elastic.co
  version: 7.4.0
digest: sha256:1459767bd9acf05f53a6acff85c2fdf709de516bc8d43e2b525c0e995d5dcd4f
generated: "2019-10-18T23:09:49.354819+02:00"
