dependencies:
- name: fluent-bit
  repository: https://kubernetes-charts.storage.googleapis.com/
  version: 2.8.1
- name: apm-server
  repository: https://kubernetes-charts.storage.googleapis.com/
  version: 2.1.5
- name: kibana
  repository: https://helm.elastic.co
  version: 7.4.1
- name: elasticsearch
  repository: https://helm.elastic.co
  version: 7.4.1
digest: sha256:8ea0d8aa21ed4b7402f22c774b7c8d8eeb4c439c2d1c5ea21a79d4ae23c28165
generated: "2019-11-12T15:18:11.258873+01:00"
